
Microsoft Visual Studio Solution File, Format Version 12.00
# Visual Studio 15
VisualStudioVersion = 15.0.26403.0
MinimumVisualStudioVersion = 10.0.40219.1
Project("{FAE04EC0-301F-11D3-BF4B-00C04F79EFBC}") = "Aninhamento do FOR", "Aninhamento do FOR\Aninhamento do FOR.csproj", "{57BB20CD-885F-44C7-9078-F6A0C53369FE}"
EndProject
Global
	GlobalSection(SolutionConfigurationPlatforms) = preSolution
		Debug|Any CPU = Debug|Any CPU
		Release|Any CPU = Release|Any CPU
	EndGlobalSection
	GlobalSection(ProjectConfigurationPlatforms) = postSolution
		{57BB20CD-885F-44C7-9078-F6A0C53369FE}.Debug|Any CPU.ActiveCfg = Debug|Any CPU
		{57BB20CD-885F-44C7-9078-F6A0C53369FE}.Debug|Any CPU.Build.0 = Debug|Any CPU
		{57BB20CD-885F-44C7-9078-F6A0C53369FE}.Release|Any CPU.ActiveCfg = Release|Any CPU
		{57BB20CD-885F-44C7-9078-F6A0C53369FE}.Release|Any CPU.Build.0 = Release|Any CPU
	EndGlobalSection
	GlobalSection(SolutionProperties) = preSolution
		HideSolutionNode = FALSE
	EndGlobalSection
EndGlobal
