
Microsoft Visual Studio Solution File, Format Version 12.00
# Visual Studio 15
VisualStudioVersion = 15.0.26403.0
MinimumVisualStudioVersion = 10.0.40219.1
Project("{FAE04EC0-301F-11D3-BF4B-00C04F79EFBC}") = "Another Test", "Another Test\Another Test.csproj", "{BA65328F-474D-4D83-ACEA-6B1659FFD5EC}"
EndProject
Global
	GlobalSection(SolutionConfigurationPlatforms) = preSolution
		Debug|Any CPU = Debug|Any CPU
		Release|Any CPU = Release|Any CPU
	EndGlobalSection
	GlobalSection(ProjectConfigurationPlatforms) = postSolution
		{BA65328F-474D-4D83-ACEA-6B1659FFD5EC}.Debug|Any CPU.ActiveCfg = Debug|Any CPU
		{BA65328F-474D-4D83-ACEA-6B1659FFD5EC}.Debug|Any CPU.Build.0 = Debug|Any CPU
		{BA65328F-474D-4D83-ACEA-6B1659FFD5EC}.Release|Any CPU.ActiveCfg = Release|Any CPU
		{BA65328F-474D-4D83-ACEA-6B1659FFD5EC}.Release|Any CPU.Build.0 = Release|Any CPU
	EndGlobalSection
	GlobalSection(SolutionProperties) = preSolution
		HideSolutionNode = FALSE
	EndGlobalSection
EndGlobal
